
Microsoft Visual Studio Solution File, Format Version 12.00
# Visual Studio Version 17
VisualStudioVersion = 17.9.34728.123
MinimumVisualStudioVersion = 10.0.40219.1
Project("{9A19103F-16F7-4668-BE54-9A1E7A4F7556}") = "TrainingCenterManagementAPI", "TrainingCenterManagementAPI\TrainingCenterManagementAPI.csproj", "{B4C2927E-A174-407B-B61E-B9846E33FABC}"
EndProject
Project("{9A19103F-16F7-4668-BE54-9A1E7A4F7556}") = "TrainingCenterManagement.Domain", "TrainingCenterManagement.Domain\TrainingCenterManagement.Domain.csproj", "{001A8886-AEBB-49B6-8379-ED34761FAFB9}"
EndProject
Project("{9A19103F-16F7-4668-BE54-9A1E7A4F7556}") = "TrainingCenterManagement.Infrastructure", "TrainingCenterManagement.Infrastructure\TrainingCenterManagement.Infrastructure.csproj", "{1E5A6D76-8997-499C-95D6-01FE6A714B8B}"
EndProject
Global
	GlobalSection(SolutionConfigurationPlatforms) = preSolution
		Debug|Any CPU = Debug|Any CPU
		Release|Any CPU = Release|Any CPU
	EndGlobalSection
	GlobalSection(ProjectConfigurationPlatforms) = postSolution
		{B4C2927E-A174-407B-B61E-B9846E33FABC}.Debug|Any CPU.ActiveCfg = Debug|Any CPU
		{B4C2927E-A174-407B-B61E-B9846E33FABC}.Debug|Any CPU.Build.0 = Debug|Any CPU
		{B4C2927E-A174-407B-B61E-B9846E33FABC}.Release|Any CPU.ActiveCfg = Release|Any CPU
		{B4C2927E-A174-407B-B61E-B9846E33FABC}.Release|Any CPU.Build.0 = Release|Any CPU
		{001A8886-AEBB-49B6-8379-ED34761FAFB9}.Debug|Any CPU.ActiveCfg = Debug|Any CPU
		{001A8886-AEBB-49B6-8379-ED34761FAFB9}.Debug|Any CPU.Build.0 = Debug|Any CPU
		{001A8886-AEBB-49B6-8379-ED34761FAFB9}.Release|Any CPU.ActiveCfg = Release|Any CPU
		{001A8886-AEBB-49B6-8379-ED34761FAFB9}.Release|Any CPU.Build.0 = Release|Any CPU
		{1E5A6D76-8997-499C-95D6-01FE6A714B8B}.Debug|Any CPU.ActiveCfg = Debug|Any CPU
		{1E5A6D76-8997-499C-95D6-01FE6A714B8B}.Debug|Any CPU.Build.0 = Debug|Any CPU
		{1E5A6D76-8997-499C-95D6-01FE6A714B8B}.Release|Any CPU.ActiveCfg = Release|Any CPU
		{1E5A6D76-8997-499C-95D6-01FE6A714B8B}.Release|Any CPU.Build.0 = Release|Any CPU
	EndGlobalSection
	GlobalSection(SolutionProperties) = preSolution
		HideSolutionNode = FALSE
	EndGlobalSection
	GlobalSection(ExtensibilityGlobals) = postSolution
		SolutionGuid = {DCBF4B6D-B378-45BE-8393-74A0AF68013E}
	EndGlobalSection
EndGlobal
